{
  "requires": true,
  "lockfileVersion": 1,
  "dependencies": {
    "async": {
      "version": "3.2.4",
      "resolved": "https://registry.npmjs.org/async/-/async-3.2.4.tgz",
      "integrity": "sha512-iAB+JbDEGXhyIUavoDl9WP/Jj106Kz9DEn1DPgYw5ruDn0e3Wgi3sKFm55sASdGBNOQB8F59d9qQ7deqrHA8wQ=="
    },
    "commander": {
      "version": "9.4.1",
      "resolved": "https://registry.npmjs.org/commander/-/commander-9.4.1.tgz",
      "integrity": "sha512-5EEkTNyHNGFPD2H+c/dXXfQZYa/scCKasxWcXJaWnNJ99pnQN9Vnmqow+p+PlFPE63Q6mThaZws1T+HxfpgtPw=="
    },
    "migrations": {
      "version": "1.2.1-beta.0",
      "resolved": "https://registry.npmjs.org/migrations/-/migrations-1.2.1-beta.0.tgz",
      "integrity": "sha512-B5ZHLyQsAaynZBX6AMFDu8Kwr4SIzTQ1SvmRGF1RaOcflApVD63i3DfFt4I/7/pnq/Uogk420w1700ZJUq6BFg==",
      "requires": {
        "async": "^3.2.3",
        "commander": "^9.1.0"
      }
    }
  }
}
